
Microsoft Visual Studio Solution File, Format Version 12.00
# Visual Studio Version 17
VisualStudioVersion = 17.0.31903.59
MinimumVisualStudioVersion = 10.0.40219.1
Project("{2150E333-8FDC-42A3-9474-1A3956D46DE8}") = "src", "src", "{827E0CD3-B72D-47B6-A68D-7590B98EB39B}"
EndProject
Project("{FAE04EC0-301F-11D3-BF4B-00C04F79EFBC}") = "Atm.Domain", "src\Atm.Domain\Atm.Domain.csproj", "{5F868034-144A-498D-B9A5-230C0FA9D386}"
EndProject
Project("{FAE04EC0-301F-11D3-BF4B-00C04F79EFBC}") = "Atm.Application", "src\Atm.Application\Atm.Application.csproj", "{780A2ECB-0971-4583-88B3-C19682B0461F}"
EndProject
Project("{FAE04EC0-301F-11D3-BF4B-00C04F79EFBC}") = "Atm.Infrastructure", "src\Atm.Infrastructure\Atm.Infrastructure.csproj", "{E06B8A3C-79F6-4975-9032-EE673B12A040}"
EndProject
Project("{FAE04EC0-301F-11D3-BF4B-00C04F79EFBC}") = "Atm.Web", "src\Atm.Web\Atm.Web.csproj", "{4E41296D-B72E-4A9A-95BF-DCFC93B75245}"
EndProject
Project("{2150E333-8FDC-42A3-9474-1A3956D46DE8}") = "tests", "tests", "{0AB3BF05-4346-4AA6-1389-037BE0695223}"
EndProject
Project("{FAE04EC0-301F-11D3-BF4B-00C04F79EFBC}") = "Atm.Domain.Tests", "tests\Atm.Domain.Tests\Atm.Domain.Tests.csproj", "{AD7147DD-F560-40EE-9155-BF6054F2FF11}"
EndProject
Project("{FAE04EC0-301F-11D3-BF4B-00C04F79EFBC}") = "Atm.Application.Tests", "tests\Atm.Application.Tests\Atm.Application.Tests.csproj", "{3F0E6D11-DC6F-4C1C-B31E-04B1431C4936}"
EndProject
Project("{FAE04EC0-301F-11D3-BF4B-00C04F79EFBC}") = "Atm.IntegrationTests", "tests\Atm.IntegrationTests\Atm.IntegrationTests.csproj", "{FA2E5804-AB77-47BF-AA92-51ED3746DAE5}"
EndProject
Global
	GlobalSection(SolutionConfigurationPlatforms) = preSolution
		Debug|Any CPU = Debug|Any CPU
		Debug|x64 = Debug|x64
		Debug|x86 = Debug|x86
		Release|Any CPU = Release|Any CPU
		Release|x64 = Release|x64
		Release|x86 = Release|x86
	EndGlobalSection
	GlobalSection(ProjectConfigurationPlatforms) = postSolution
		{5F868034-144A-498D-B9A5-230C0FA9D386}.Debug|Any CPU.ActiveCfg = Debug|Any CPU
		{5F868034-144A-498D-B9A5-230C0FA9D386}.Debug|Any CPU.Build.0 = Debug|Any CPU
		{5F868034-144A-498D-B9A5-230C0FA9D386}.Debug|x64.ActiveCfg = Debug|Any CPU
		{5F868034-144A-498D-B9A5-230C0FA9D386}.Debug|x64.Build.0 = Debug|Any CPU
		{5F868034-144A-498D-B9A5-230C0FA9D386}.Debug|x86.ActiveCfg = Debug|Any CPU
		{5F868034-144A-498D-B9A5-230C0FA9D386}.Debug|x86.Build.0 = Debug|Any CPU
		{5F868034-144A-498D-B9A5-230C0FA9D386}.Release|Any CPU.ActiveCfg = Release|Any CPU
		{5F868034-144A-498D-B9A5-230C0FA9D386}.Release|Any CPU.Build.0 = Release|Any CPU
		{5F868034-144A-498D-B9A5-230C0FA9D386}.Release|x64.ActiveCfg = Release|Any CPU
		{5F868034-144A-498D-B9A5-230C0FA9D386}.Release|x64.Build.0 = Release|Any CPU
		{5F868034-144A-498D-B9A5-230C0FA9D386}.Release|x86.ActiveCfg = Release|Any CPU
		{5F868034-144A-498D-B9A5-230C0FA9D386}.Release|x86.Build.0 = Release|Any CPU
		{780A2ECB-0971-4583-88B3-C19682B0461F}.Debug|Any CPU.ActiveCfg = Debug|Any CPU
		{780A2ECB-0971-4583-88B3-C19682B0461F}.Debug|Any CPU.Build.0 = Debug|Any CPU
		{780A2ECB-0971-4583-88B3-C19682B0461F}.Debug|x64.ActiveCfg = Debug|Any CPU
		{780A2ECB-0971-4583-88B3-C19682B0461F}.Debug|x64.Build.0 = Debug|Any CPU
		{780A2ECB-0971-4583-88B3-C19682B0461F}.Debug|x86.ActiveCfg = Debug|Any CPU
		{780A2ECB-0971-4583-88B3-C19682B0461F}.Debug|x86.Build.0 = Debug|Any CPU
		{780A2ECB-0971-4583-88B3-C19682B0461F}.Release|Any CPU.ActiveCfg = Release|Any CPU
		{780A2ECB-0971-4583-88B3-C19682B0461F}.Release|Any CPU.Build.0 = Release|Any CPU
		{780A2ECB-0971-4583-88B3-C19682B0461F}.Release|x64.ActiveCfg = Release|Any CPU
		{780A2ECB-0971-4583-88B3-C19682B0461F}.Release|x64.Build.0 = Release|Any CPU
		{780A2ECB-0971-4583-88B3-C19682B0461F}.Release|x86.ActiveCfg = Release|Any CPU
		{780A2ECB-0971-4583-88B3-C19682B0461F}.Release|x86.Build.0 = Release|Any CPU
		{E06B8A3C-79F6-4975-9032-EE673B12A040}.Debug|Any CPU.ActiveCfg = Debug|Any CPU
		{E06B8A3C-79F6-4975-9032-EE673B12A040}.Debug|Any CPU.Build.0 = Debug|Any CPU
		{E06B8A3C-79F6-4975-9032-EE673B12A040}.Debug|x64.ActiveCfg = Debug|Any CPU
		{E06B8A3C-79F6-4975-9032-EE673B12A040}.Debug|x64.Build.0 = Debug|Any CPU
		{E06B8A3C-79F6-4975-9032-EE673B12A040}.Debug|x86.ActiveCfg = Debug|Any CPU
		{E06B8A3C-79F6-4975-9032-EE673B12A040}.Debug|x86.Build.0 = Debug|Any CPU
		{E06B8A3C-79F6-4975-9032-EE673B12A040}.Release|Any CPU.ActiveCfg = Release|Any CPU
		{E06B8A3C-79F6-4975-9032-EE673B12A040}.Release|Any CPU.Build.0 = Release|Any CPU
		{E06B8A3C-79F6-4975-9032-EE673B12A040}.Release|x64.ActiveCfg = Release|Any CPU
		{E06B8A3C-79F6-4975-9032-EE673B12A040}.Release|x64.Build.0 = Release|Any CPU
		{E06B8A3C-79F6-4975-9032-EE673B12A040}.Release|x86.ActiveCfg = Release|Any CPU
		{E06B8A3C-79F6-4975-9032-EE673B12A040}.Release|x86.Build.0 = Release|Any CPU
		{4E41296D-B72E-4A9A-95BF-DCFC93B75245}.Debug|Any CPU.ActiveCfg = Debug|Any CPU
		{4E41296D-B72E-4A9A-95BF-DCFC93B75245}.Debug|Any CPU.Build.0 = Debug|Any CPU
		{4E41296D-B72E-4A9A-95BF-DCFC93B75245}.Debug|x64.ActiveCfg = Debug|Any CPU
		{4E41296D-B72E-4A9A-95BF-DCFC93B75245}.Debug|x64.Build.0 = Debug|Any CPU
		{4E41296D-B72E-4A9A-95BF-DCFC93B75245}.Debug|x86.ActiveCfg = Debug|Any CPU
		{4E41296D-B72E-4A9A-95BF-DCFC93B75245}.Debug|x86.Build.0 = Debug|Any CPU
		{4E41296D-B72E-4A9A-95BF-DCFC93B75245}.Release|Any CPU.ActiveCfg = Release|Any CPU
		{4E41296D-B72E-4A9A-95BF-DCFC93B75245}.Release|Any CPU.Build.0 = Release|Any CPU
		{4E41296D-B72E-4A9A-95BF-DCFC93B75245}.Release|x64.ActiveCfg = Release|Any CPU
		{4E41296D-B72E-4A9A-95BF-DCFC93B75245}.Release|x64.Build.0 = Release|Any CPU
		{4E41296D-B72E-4A9A-95BF-DCFC93B75245}.Release|x86.ActiveCfg = Release|Any CPU
		{4E41296D-B72E-4A9A-95BF-DCFC93B75245}.Release|x86.Build.0 = Release|Any CPU
		{AD7147DD-F560-40EE-9155-BF6054F2FF11}.Debug|Any CPU.ActiveCfg = Debug|Any CPU
		{AD7147DD-F560-40EE-9155-BF6054F2FF11}.Debug|Any CPU.Build.0 = Debug|Any CPU
		{AD7147DD-F560-40EE-9155-BF6054F2FF11}.Debug|x64.ActiveCfg = Debug|Any CPU
		{AD7147DD-F560-40EE-9155-BF6054F2FF11}.Debug|x64.Build.0 = Debug|Any CPU
		{AD7147DD-F560-40EE-9155-BF6054F2FF11}.Debug|x86.ActiveCfg = Debug|Any CPU
		{AD7147DD-F560-40EE-9155-BF6054F2FF11}.Debug|x86.Build.0 = Debug|Any CPU
		{AD7147DD-F560-40EE-9155-BF6054F2FF11}.Release|Any CPU.ActiveCfg = Release|Any CPU
		{AD7147DD-F560-40EE-9155-BF6054F2FF11}.Release|Any CPU.Build.0 = Release|Any CPU
		{AD7147DD-F560-40EE-9155-BF6054F2FF11}.Release|x64.ActiveCfg = Release|Any CPU
		{AD7147DD-F560-40EE-9155-BF6054F2FF11}.Release|x64.Build.0 = Release|Any CPU
		{AD7147DD-F560-40EE-9155-BF6054F2FF11}.Release|x86.ActiveCfg = Release|Any CPU
		{AD7147DD-F560-40EE-9155-BF6054F2FF11}.Release|x86.Build.0 = Release|Any CPU
		{3F0E6D11-DC6F-4C1C-B31E-04B1431C4936}.Debug|Any CPU.ActiveCfg = Debug|Any CPU
		{3F0E6D11-DC6F-4C1C-B31E-04B1431C4936}.Debug|Any CPU.Build.0 = Debug|Any CPU
		{3F0E6D11-DC6F-4C1C-B31E-04B1431C4936}.Debug|x64.ActiveCfg = Debug|Any CPU
		{3F0E6D11-DC6F-4C1C-B31E-04B1431C4936}.Debug|x64.Build.0 = Debug|Any CPU
		{3F0E6D11-DC6F-4C1C-B31E-04B1431C4936}.Debug|x86.ActiveCfg = Debug|Any CPU
		{3F0E6D11-DC6F-4C1C-B31E-04B1431C4936}.Debug|x86.Build.0 = Debug|Any CPU
		{3F0E6D11-DC6F-4C1C-B31E-04B1431C4936}.Release|Any CPU.ActiveCfg = Release|Any CPU
		{3F0E6D11-DC6F-4C1C-B31E-04B1431C4936}.Release|Any CPU.Build.0 = Release|Any CPU
		{3F0E6D11-DC6F-4C1C-B31E-04B1431C4936}.Release|x64.ActiveCfg = Release|Any CPU
		{3F0E6D11-DC6F-4C1C-B31E-04B1431C4936}.Release|x64.Build.0 = Release|Any CPU
		{3F0E6D11-DC6F-4C1C-B31E-04B1431C4936}.Release|x86.ActiveCfg = Release|Any CPU
		{3F0E6D11-DC6F-4C1C-B31E-04B1431C4936}.Release|x86.Build.0 = Release|Any CPU
		{FA2E5804-AB77-47BF-AA92-51ED3746DAE5}.Debug|Any CPU.ActiveCfg = Debug|Any CPU
		{FA2E5804-AB77-47BF-AA92-51ED3746DAE5}.Debug|Any CPU.Build.0 = Debug|Any CPU
		{FA2E5804-AB77-47BF-AA92-51ED3746DAE5}.Debug|x64.ActiveCfg = Debug|Any CPU
		{FA2E5804-AB77-47BF-AA92-51ED3746DAE5}.Debug|x64.Build.0 = Debug|Any CPU
		{FA2E5804-AB77-47BF-AA92-51ED3746DAE5}.Debug|x86.ActiveCfg = Debug|Any CPU
		{FA2E5804-AB77-47BF-AA92-51ED3746DAE5}.Debug|x86.Build.0 = Debug|Any CPU
		{FA2E5804-AB77-47BF-AA92-51ED3746DAE5}.Release|Any CPU.ActiveCfg = Release|Any CPU
		{FA2E5804-AB77-47BF-AA92-51ED3746DAE5}.Release|Any CPU.Build.0 = Release|Any CPU
		{FA2E5804-AB77-47BF-AA92-51ED3746DAE5}.Release|x64.ActiveCfg = Release|Any CPU
		{FA2E5804-AB77-47BF-AA92-51ED3746DAE5}.Release|x64.Build.0 = Release|Any CPU
		{FA2E5804-AB77-47BF-AA92-51ED3746DAE5}.Release|x86.ActiveCfg = Release|Any CPU
		{FA2E5804-AB77-47BF-AA92-51ED3746DAE5}.Release|x86.Build.0 = Release|Any CPU
	EndGlobalSection
	GlobalSection(SolutionProperties) = preSolution
		HideSolutionNode = FALSE
	EndGlobalSection
	GlobalSection(NestedProjects) = preSolution
		{5F868034-144A-498D-B9A5-230C0FA9D386} = {827E0CD3-B72D-47B6-A68D-7590B98EB39B}
		{780A2ECB-0971-4583-88B3-C19682B0461F} = {827E0CD3-B72D-47B6-A68D-7590B98EB39B}
		{E06B8A3C-79F6-4975-9032-EE673B12A040} = {827E0CD3-B72D-47B6-A68D-7590B98EB39B}
		{4E41296D-B72E-4A9A-95BF-DCFC93B75245} = {827E0CD3-B72D-47B6-A68D-7590B98EB39B}
		{AD7147DD-F560-40EE-9155-BF6054F2FF11} = {0AB3BF05-4346-4AA6-1389-037BE0695223}
		{3F0E6D11-DC6F-4C1C-B31E-04B1431C4936} = {0AB3BF05-4346-4AA6-1389-037BE0695223}
		{FA2E5804-AB77-47BF-AA92-51ED3746DAE5} = {0AB3BF05-4346-4AA6-1389-037BE0695223}
	EndGlobalSection
EndGlobal
